
Microsoft Visual Studio Solution File, Format Version 12.00
# Visual Studio Version 17
VisualStudioVersion = 17.5.002.0
MinimumVisualStudioVersion = 10.0.40219.1
Project("{9A19103F-16F7-4668-BE54-9A1E7A4F7556}") = "TDE-01", "TDE-01.csproj", "{C79584B7-7043-42EE-84DF-099817E1EE8F}"
EndProject
Global
	GlobalSection(SolutionConfigurationPlatforms) = preSolution
		Debug|Any CPU = Debug|Any CPU
		Release|Any CPU = Release|Any CPU
	EndGlobalSection
	GlobalSection(ProjectConfigurationPlatforms) = postSolution
		{C79584B7-7043-42EE-84DF-099817E1EE8F}.Debug|Any CPU.ActiveCfg = Debug|Any CPU
		{C79584B7-7043-42EE-84DF-099817E1EE8F}.Debug|Any CPU.Build.0 = Debug|Any CPU
		{C79584B7-7043-42EE-84DF-099817E1EE8F}.Release|Any CPU.ActiveCfg = Release|Any CPU
		{C79584B7-7043-42EE-84DF-099817E1EE8F}.Release|Any CPU.Build.0 = Release|Any CPU
	EndGlobalSection
	GlobalSection(SolutionProperties) = preSolution
		HideSolutionNode = FALSE
	EndGlobalSection
	GlobalSection(ExtensibilityGlobals) = postSolution
		SolutionGuid = {4A3BBEDB-5B74-445F-BDB2-8F14DE730CB0}
	EndGlobalSection
EndGlobal
